// !$*UTF8*$!
{
	archiveVersion = 1;
	classes = {
	};
	objectVersion = 50;
	objects = {

/* Begin PBXBuildFile section */
		BEC76B8324FC37B00001DA63 /* AppDelegate.swift in Sources */ = {isa = PBXBuildFile; fileRef = BEC76B8224FC37B00001DA63 /* AppDelegate.swift */; };
		BEC76B8524FC37B00001DA63 /* SceneDelegate.swift in Sources */ = {isa = PBXBuildFile; fileRef = BEC76B8424FC37B00001DA63 /* SceneDelegate.swift */; };
		BEC76B8724FC37B00001DA63 /* ViewController.swift in Sources */ = {isa = PBXBuildFile; fileRef = BEC76B8624FC37B00001DA63 /* ViewController.swift */; };
		BEC76B8A24FC37B00001DA63 /* Main.storyboard in Resources */ = {isa = PBXBuildFile; fileRef = BEC76B8824FC37B00001DA63 /* Main.storyboard */; };
		BEC76B8C24FC37B10001DA63 /* Assets.xcassets in Resources */ = {isa = PBXBuildFile; fileRef = BEC76B8B24FC37B10001DA63 /* Assets.xcassets */; };
		BEC76B8F24FC37B10001DA63 /* LaunchScreen.storyboard in Resources */ = {isa = PBXBuildFile; fileRef = BEC76B8D24FC37B10001DA63 /* LaunchScreen.storyboard */; };
/* End PBXBuildFile section */

/* Begin PBXFileReference section */
		BEC76B7F24FC37B00001DA63 /* SensorsExample.app */ = {isa = PBXFileReference; explicitFileType = wrapper.application; includeInIndex = 0; path = SensorsExample.app; sourceTree = BUILT_PRODUCTS_DIR; };
		BEC76B8224FC37B00001DA63 /* AppDelegate.swift */ = {isa = PBXFileReference; lastKnownFileType = sourcecode.swift; path = AppDelegate.swift; sourceTree = "<group>"; };
		BEC76B8424FC37B00001DA63 /* SceneDelegate.swift */ = {isa = PBXFileReference; lastKnownFileType = sourcecode.swift; path = SceneDelegate.swift; sourceTree = "<group>"; };
		BEC76B8624FC37B00001DA63 /* ViewController.swift */ = {isa = PBXFileReference; lastKnownFileType = sourcecode.swift; path = ViewController.swift; sourceTree = "<group>"; };
		BEC76B8924FC37B00001DA63 /* Base */ = {isa = PBXFileReference; lastKnownFileType = file.storyboard; name = Base; path = Base.lproj/Main.storyboard; sourceTree = "<group>"; };
		BEC76B8B24FC37B10001DA63 /* Assets.xcassets */ = {isa = PBXFileReference; lastKnownFileType = folder.assetcatalog; path = Assets.xcassets; sourceTree = "<group>"; };
		BEC76B8E24FC37B10001DA63 /* Base */ = {isa = PBXFileReference; lastKnownFileType = file.storyboard; name = Base; path = Base.lproj/LaunchScreen.storyboard; sourceTree = "<group>"; };
		BEC76B9024FC37B10001DA63 /* Info.plist */ = {isa = PBXFileReference; lastKnownFileType = text.plist.xml; path = Info.plist; sourceTree = "<group>"; };
/* End PBXFileReference section */

/* Begin PBXFrameworksBuildPhase section */
		BEC76B7C24FC37B00001DA63 /* Frameworks */ = {
			isa = PBXFrameworksBuildPhase;
			buildActionMask = 2147483647;
			files = (
			);
			runOnlyForDeploymentPostprocessing = 0;
		};
/* End PBXFrameworksBuildPhase section */

/* Begin PBXGroup section */
		BEC76B7624FC37B00001DA63 = {
			isa = PBXGroup;
			children = (
				BEC76B8124FC37B00001DA63 /* SensorsExample */,
				BEC76B8024FC37B00001DA63 /* Products */,
			);
			sourceTree = "<group>";
		};
		BEC76B8024FC37B00001DA63 /* Products */ = {
			isa = PBXGroup;
			children = (
				BEC76B7F24FC37B00001DA63 /* SensorsExample.app */,
			);
			name = Products;
			sourceTree = "<group>";
		};
		BEC76B8124FC37B00001DA63 /* SensorsExample */ = {
			isa = PBXGroup;
			children = (
				BEC76B8224FC37B00001DA63 /* AppDelegate.swift */,
				BEC76B8424FC37B00001DA63 /* SceneDelegate.swift */,
				BEC76B8624FC37B00001DA63 /* ViewController.swift */,
				BEC76B8824FC37B00001DA63 /* Main.storyboard */,
				BEC76B8B24FC37B10001DA63 /* Assets.xcassets */,
				BEC76B8D24FC37B10001DA63 /* LaunchScreen.storyboard */,
				BEC76B9024FC37B10001DA63 /* Info.plist */,
			);
			path = SensorsExample;
			sourceTree = "<group>";
		};
/* End PBXGroup section */

/* Begin PBXNativeTarget section */
		BEC76B7E24FC37B00001DA63 /* SensorsExample */ = {
			isa = PBXNativeTarget;
			buildConfigurationList = BEC76B9324FC37B10001DA63 /* Build configuration list for PBXNativeTarget "SensorsExample" */;
			buildPhases = (
				BEC76B7B24FC37B00001DA63 /* Sources */,
				BEC76B7C24FC37B00001DA63 /* Frameworks */,
				BEC76B7D24FC37B00001DA63 /* Resources */,
			);
			buildRules = (
			);
			dependencies = (
			);
			name = SensorsExample;
			productName = SensorsExample;
			productReference = BEC76B7F24FC37B00001DA63 /* SensorsExample.app */;
			productType = "com.apple.product-type.application";
		};
/* End PBXNativeTarget section */

/* Begin PBXProject section */
		BEC76B7724FC37B00001DA63 /* Project object */ = {
			isa = PBXProject;
			attributes = {
				LastSwiftUpdateCheck = 1160;
				LastUpgradeCheck = 1160;
				ORGANIZATIONNAME = "José Henrique Fernandes Silva";
				TargetAttributes = {
					BEC76B7E24FC37B00001DA63 = {
						CreatedOnToolsVersion = 11.6;
					};
				};
			};
			buildConfigurationList = BEC76B7A24FC37B00001DA63 /* Build configuration list for PBXProject "SensorsExample" */;
			compatibilityVersion = "Xcode 9.3";
			developmentRegion = en;
			hasScannedForEncodings = 0;
			knownRegions = (
				en,
				Base,
			);
			mainGroup = BEC76B7624FC37B00001DA63;
			productRefGroup = BEC76B8024FC37B00001DA63 /* Products */;
			projectDirPath = "";
			projectRoot = "";
			targets = (
				BEC76B7E24FC37B00001DA63 /* SensorsExample */,
			);
		};
/* End PBXProject section */

/* Begin PBXResourcesBuildPhase section */
		BEC76B7D24FC37B00001DA63 /* Resources */ = {
			isa = PBXResourcesBuildPhase;
			buildActionMask = 2147483647;
			files = (
				BEC76B8F24FC37B10001DA63 /* LaunchScreen.storyboard in Resources */,
				BEC76B8C24FC37B10001DA63 /* Assets.xcassets in Resources */,
				BEC76B8A24FC37B00001DA63 /* Main.storyboard in Resources */,
			);
			runOnlyForDeploymentPostprocessing = 0;
		};
/* End PBXResourcesBuildPhase section */

/* Begin PBXSourcesBuildPhase section */
		BEC76B7B24FC37B00001DA63 /* Sources */ = {
			isa = PBXSourcesBuildPhase;
			buildActionMask = 2147483647;
			files = (
				BEC76B8724FC37B00001DA63 /* ViewController.swift in Sources */,
				BEC76B8324FC37B00001DA63 /* AppDelegate.swift in Sources */,
				BEC76B8524FC37B00001DA63 /* SceneDelegate.swift in Sources */,
			);
			runOnlyForDeploymentPostprocessing = 0;
		};
/* End PBXSourcesBuildPhase section */

/* Begin PBXVariantGroup section */
		BEC76B8824FC37B00001DA63 /* Main.storyboard */ = {
			isa = PBXVariantGroup;
			children = (
				BEC76B8924FC37B00001DA63 /* Base */,
			);
			name = Main.storyboard;
			sourceTree = "<group>";
		};
		BEC76B8D24FC37B10001DA63 /* LaunchScreen.storyboard */ = {
			isa = PBXVariantGroup;
			children = (
				BEC76B8E24FC37B10001DA63 /* Base */,
			);
			name = LaunchScreen.storyboard;
			sourceTree = "<group>";
		};
/* End PBXVariantGroup section */

/* Begin XCBuildConfiguration section */
		BEC76B9124FC37B10001DA63 /* Debug */ = {
			isa = XCBuildConfiguration;
			buildSettings = {
				ALWAYS_SEARCH_USER_PATHS = NO;
				CLANG_ANALYZER_NONNULL = YES;
				CLANG_ANALYZER_NUMBER_OBJECT_CONVERSION = YES_AGGRESSIVE;
				CLANG_CXX_LANGUAGE_STANDARD = "gnu++14";
				CLANG_CXX_LIBRARY = "libc++";
				CLANG_ENABLE_MODULES = YES;
				CLANG_ENABLE_OBJC_ARC = YES;
				CLANG_ENABLE_OBJC_WEAK = YES;
				CLANG_WARN_BLOCK_CAPTURE_AUTORELEASING = YES;
				CLANG_WARN_BOOL_CONVERSION = YES;
				CLANG_WARN_COMMA = YES;
				CLANG_WARN_CONSTANT_CONVERSION = YES;
				CLANG_WARN_DEPRECATED_OBJC_IMPLEMENTATIONS = YES;
				CLANG_WARN_DIRECT_OBJC_ISA_USAGE = YES_ERROR;
				CLANG_WARN_DOCUMENTATION_COMMENTS = YES;
				CLANG_WARN_EMPTY_BODY = YES;
				CLANG_WARN_ENUM_CONVERSION = YES;
				CLANG_WARN_INFINITE_RECURSION = YES;
				CLANG_WARN_INT_CONVERSION = YES;
				CLANG_WARN_NON_LITERAL_NULL_CONVERSION = YES;
				CLANG_WARN_OBJC_IMPLICIT_RETAIN_SELF = YES;
				CLANG_WARN_OBJC_LITERAL_CONVERSION = YES;
				CLANG_WARN_OBJC_ROOT_CLASS = YES_ERROR;
				CLANG_WARN_RANGE_LOOP_ANALYSIS = YES;
				CLANG_WARN_STRICT_PROTOTYPES = YES;
				CLANG_WARN_SUSPICIOUS_MOVE = YES;
				CLANG_WARN_UNGUARDED_AVAILABILITY = YES_AGGRESSIVE;
				CLANG_WARN_UNREACHABLE_CODE = YES;
				CLANG_WARN__DUPLICATE_METHOD_MATCH = YES;
				COPY_PHASE_STRIP = NO;
				DEBUG_INFORMATION_FORMAT = dwarf;
				ENABLE_STRICT_OBJC_MSGSEND = YES;
				ENABLE_TESTABILITY = YES;
				GCC_C_LANGUAGE_STANDARD = gnu11;
				GCC_DYNAMIC_NO_PIC = NO;
				GCC_NO_COMMON_BLOCKS = YES;
				GCC_OPTIMIZATION_LEVEL = 0;
				GCC_PREPROCESSOR_DEFINITIONS = (
					"DEBUG=1",
					"$(inherited)",
				);
				GCC_WARN_64_TO_32_BIT_CONVERSION = YES;
				GCC_WARN_ABOUT_RETURN_TYPE = YES_ERROR;
				GCC_WARN_UNDECLARED_SELECTOR = YES;
				GCC_WARN_UNINITIALIZED_AUTOS = YES_AGGRESSIVE;
				GCC_WARN_UNUSED_FUNCTION = YES;
				GCC_WARN_UNUSED_VARIABLE = YES;
				IPHONEOS_DEPLOYMENT_TARGET = 13.6;
				MTL_ENABLE_DEBUG_INFO = INCLUDE_SOURCE;
				MTL_FAST_MATH = YES;
				ONLY_ACTIVE_ARCH = YES;
				SDKROOT = iphoneos;
				SWIFT_ACTIVE_COMPILATION_CONDITIONS = DEBUG;
				SWIFT_OPTIMIZATION_LEVEL = "-Onone";
			};
			name = Debug;
		};
		BEC76B9224FC37B10001DA63 /* Release */ = {
			isa = XCBuildConfiguration;
			buildSettings = {
				ALWAYS_SEARCH_USER_PATHS = NO;
				CLANG_ANALYZER_NONNULL = YES;
				CLANG_ANALYZER_NUMBER_OBJECT_CONVERSION = YES_AGGRESSIVE;
				CLANG_CXX_LANGUAGE_STANDARD = "gnu++14";
				CLANG_CXX_LIBRARY = "libc++";
				CLANG_ENABLE_MODULES = YES;
				CLANG_ENABLE_OBJC_ARC = YES;
				CLANG_ENABLE_OBJC_WEAK = YES;
				CLANG_WARN_BLOCK_CAPTURE_AUTORELEASING = YES;
				CLANG_WARN_BOOL_CONVERSION = YES;
				CLANG_WARN_COMMA = YES;
				CLANG_WARN_CONSTANT_CONVERSION = YES;
				CLANG_WARN_DEPRECATED_OBJC_IMPLEMENTATIONS = YES;
				CLANG_WARN_DIRECT_OBJC_ISA_USAGE = YES_ERROR;
				CLANG_WARN_DOCUMENTATION_COMMENTS = YES;
				CLANG_WARN_EMPTY_BODY = YES;
				CLANG_WARN_ENUM_CONVERSION = YES;
				CLANG_WARN_INFINITE_RECURSION = YES;
				CLANG_WARN_INT_CONVERSION = YES;
				CLANG_WARN_NON_LITERAL_NULL_CONVERSION = YES;
				CLANG_WARN_OBJC_IMPLICIT_RETAIN_SELF = YES;
				CLANG_WARN_OBJC_LITERAL_CONVERSION = YES;
				CLANG_WARN_OBJC_ROOT_CLASS = YES_ERROR;
				CLANG_WARN_RANGE_LOOP_ANALYSIS = YES;
				CLANG_WARN_STRICT_PROTOTYPES = YES;
				CLANG_WARN_SUSPICIOUS_MOVE = YES;
				CLANG_WARN_UNGUARDED_AVAILABILITY = YES_AGGRESSIVE;
				CLANG_WARN_UNREACHABLE_CODE = YES;
				CLANG_WARN__DUPLICATE_METHOD_MATCH = YES;
				COPY_PHASE_STRIP = NO;
				DEBUG_INFORMATION_FORMAT = "dwarf-with-dsym";
				ENABLE_NS_ASSERTIONS = NO;
				ENABLE_STRICT_OBJC_MSGSEND = YES;
				GCC_C_LANGUAGE_STANDARD = gnu11;
				GCC_NO_COMMON_BLOCKS = YES;
				GCC_WARN_64_TO_32_BIT_CONVERSION = YES;
				GCC_WARN_ABOUT_RETURN_TYPE = YES_ERROR;
				GCC_WARN_UNDECLARED_SELECTOR = YES;
				GCC_WARN_UNINITIALIZED_AUTOS = YES_AGGRESSIVE;
				GCC_WARN_UNUSED_FUNCTION = YES;
				GCC_WARN_UNUSED_VARIABLE = YES;
				IPHONEOS_DEPLOYMENT_TARGET = 13.6;
				MTL_ENABLE_DEBUG_INFO = NO;
				MTL_FAST_MATH = YES;
				SDKROOT = iphoneos;
				SWIFT_COMPILATION_MODE = wholemodule;
				SWIFT_OPTIMIZATION_LEVEL = "-O";
				VALIDATE_PRODUCT = YES;
			};
			name = Release;
		};
		BEC76B9424FC37B10001DA63 /* Debug */ = {
			isa = XCBuildConfiguration;
			buildSettings = {
				ASSETCATALOG_COMPILER_APPICON_NAME = AppIcon;
				CODE_SIGN_STYLE = Automatic;
				DEVELOPMENT_TEAM = 23WSBM7T82;
				INFOPLIST_FILE = SensorsExample/Info.plist;
				LD_RUNPATH_SEARCH_PATHS = (
					"$(inherited)",
					"@executable_path/Frameworks",
				);
				PRODUCT_BUNDLE_IDENTIFIER = jhfs.cin.ufpe.br.SensorsExample;
				PRODUCT_NAME = "$(TARGET_NAME)";
				SWIFT_VERSION = 5.0;
				TARGETED_DEVICE_FAMILY = "1,2";
			};
			name = Debug;
		};
		BEC76B9524FC37B10001DA63 /* Release */ = {
			isa = XCBuildConfiguration;
			buildSettings = {
				ASSETCATALOG_COMPILER_APPICON_NAME = AppIcon;
				CODE_SIGN_STYLE = Automatic;
				DEVELOPMENT_TEAM = 23WSBM7T82;
				INFOPLIST_FILE = SensorsExample/Info.plist;
				LD_RUNPATH_SEARCH_PATHS = (
					"$(inherited)",
					"@executable_path/Frameworks",
				);
				PRODUCT_BUNDLE_IDENTIFIER = jhfs.cin.ufpe.br.SensorsExample;
				PRODUCT_NAME = "$(TARGET_NAME)";
				SWIFT_VERSION = 5.0;
				TARGETED_DEVICE_FAMILY = "1,2";
			};
			name = Release;
		};
/* End XCBuildConfiguration section */

/* Begin XCConfigurationList section */
		BEC76B7A24FC37B00001DA63 /* Build configuration list for PBXProject "SensorsExample" */ = {
			isa = XCConfigurationList;
			buildConfigurations = (
				BEC76B9124FC37B10001DA63 /* Debug */,
				BEC76B9224FC37B10001DA63 /* Release */,
			);
			defaultConfigurationIsVisible = 0;
			defaultConfigurationName = Release;
		};
		BEC76B9324FC37B10001DA63 /* Build configuration list for PBXNativeTarget "SensorsExample" */ = {
			isa = XCConfigurationList;
			buildConfigurations = (
				BEC76B9424FC37B10001DA63 /* Debug */,
				BEC76B9524FC37B10001DA63 /* Release */,
			);
			defaultConfigurationIsVisible = 0;
			defaultConfigurationName = Release;
		};
/* End XCConfigurationList section */
	};
	rootObject = BEC76B7724FC37B00001DA63 /* Project object */;
}
